
Microsoft Visual Studio Solution File, Format Version 12.00
# Visual Studio Version 16
VisualStudioVersion = 16.0.30503.244
MinimumVisualStudioVersion = 10.0.40219.1
Project("{FAE04EC0-301F-11D3-BF4B-00C04F79EFBC}") = "HuffmanCodes", "HuffmanCodes\HuffmanCodes.csproj", "{34FAC93E-63E9-467C-9685-E55FBBE331AF}"
EndProject
Global
	GlobalSection(SolutionConfigurationPlatforms) = preSolution
		Debug|Any CPU = Debug|Any CPU
		Release|Any CPU = Release|Any CPU
	EndGlobalSection
	GlobalSection(ProjectConfigurationPlatforms) = postSolution
		{34FAC93E-63E9-467C-9685-E55FBBE331AF}.Debug|Any CPU.ActiveCfg = Debug|Any CPU
		{34FAC93E-63E9-467C-9685-E55FBBE331AF}.Debug|Any CPU.Build.0 = Debug|Any CPU
		{34FAC93E-63E9-467C-9685-E55FBBE331AF}.Release|Any CPU.ActiveCfg = Release|Any CPU
		{34FAC93E-63E9-467C-9685-E55FBBE331AF}.Release|Any CPU.Build.0 = Release|Any CPU
	EndGlobalSection
	GlobalSection(SolutionProperties) = preSolution
		HideSolutionNode = FALSE
	EndGlobalSection
	GlobalSection(ExtensibilityGlobals) = postSolution
		SolutionGuid = {09AC80E8-3B00-49CE-B58E-BE1ABC10B769}
	EndGlobalSection
EndGlobal
